
Microsoft Visual Studio Solution File, Format Version 12.00
# Visual Studio 15
VisualStudioVersion = 15.0.26730.8
MinimumVisualStudioVersion = 10.0.40219.1
Project("{9A19103F-16F7-4668-BE54-9A1E7A4F7556}") = "Project.Hub.Config", "Project.Hub.Config\Project.Hub.Config.csproj", "{357BEE56-EC78-4101-BE8D-A1EEF18E4630}"
EndProject
Project("{9A19103F-16F7-4668-BE54-9A1E7A4F7556}") = "Project.Hub", "Project.Hub\Project.Hub.csproj", "{67E68E53-8B58-4F33-B3F0-4A9D8B97726E}"
EndProject
Project("{9A19103F-16F7-4668-BE54-9A1E7A4F7556}") = "Version.Hub", "Version.Hub\Version.Hub.csproj", "{83986BA3-2635-49C8-87F6-844E2E732567}"
EndProject
Project("{9A19103F-16F7-4668-BE54-9A1E7A4F7556}") = "Version.Hub.Config", "Version.Hub.Config\Version.Hub.Config.csproj", "{325FD7DD-699C-484D-A83E-9347C42B3228}"
EndProject
Project("{9A19103F-16F7-4668-BE54-9A1E7A4F7556}") = "Version.Hub.Domain", "Version.Hub.Domain\Version.Hub.Domain.csproj", "{425D611F-4774-4783-B092-6780964CBC9B}"
EndProject
Project("{9A19103F-16F7-4668-BE54-9A1E7A4F7556}") = "Common.File", "Common.File\Common.File.csproj", "{39DA12E3-649B-498F-BA7B-1F239D3E09B0}"
EndProject
Project("{FAE04EC0-301F-11D3-BF4B-00C04F79EFBC}") = "Common.Cache", "Common.Cache\Common.Cache.csproj", "{61ABAF3C-12FE-46AE-B0DC-DDD113122A70}"
EndProject
Global
	GlobalSection(SolutionConfigurationPlatforms) = preSolution
		Debug|Any CPU = Debug|Any CPU
		Release|Any CPU = Release|Any CPU
	EndGlobalSection
	GlobalSection(ProjectConfigurationPlatforms) = postSolution
		{357BEE56-EC78-4101-BE8D-A1EEF18E4630}.Debug|Any CPU.ActiveCfg = Debug|Any CPU
		{357BEE56-EC78-4101-BE8D-A1EEF18E4630}.Debug|Any CPU.Build.0 = Debug|Any CPU
		{357BEE56-EC78-4101-BE8D-A1EEF18E4630}.Release|Any CPU.ActiveCfg = Release|Any CPU
		{357BEE56-EC78-4101-BE8D-A1EEF18E4630}.Release|Any CPU.Build.0 = Release|Any CPU
		{67E68E53-8B58-4F33-B3F0-4A9D8B97726E}.Debug|Any CPU.ActiveCfg = Debug|Any CPU
		{67E68E53-8B58-4F33-B3F0-4A9D8B97726E}.Debug|Any CPU.Build.0 = Debug|Any CPU
		{67E68E53-8B58-4F33-B3F0-4A9D8B97726E}.Release|Any CPU.ActiveCfg = Release|Any CPU
		{67E68E53-8B58-4F33-B3F0-4A9D8B97726E}.Release|Any CPU.Build.0 = Release|Any CPU
		{83986BA3-2635-49C8-87F6-844E2E732567}.Debug|Any CPU.ActiveCfg = Debug|Any CPU
		{83986BA3-2635-49C8-87F6-844E2E732567}.Debug|Any CPU.Build.0 = Debug|Any CPU
		{83986BA3-2635-49C8-87F6-844E2E732567}.Release|Any CPU.ActiveCfg = Release|Any CPU
		{83986BA3-2635-49C8-87F6-844E2E732567}.Release|Any CPU.Build.0 = Release|Any CPU
		{325FD7DD-699C-484D-A83E-9347C42B3228}.Debug|Any CPU.ActiveCfg = Debug|Any CPU
		{325FD7DD-699C-484D-A83E-9347C42B3228}.Debug|Any CPU.Build.0 = Debug|Any CPU
		{325FD7DD-699C-484D-A83E-9347C42B3228}.Release|Any CPU.ActiveCfg = Release|Any CPU
		{325FD7DD-699C-484D-A83E-9347C42B3228}.Release|Any CPU.Build.0 = Release|Any CPU
		{425D611F-4774-4783-B092-6780964CBC9B}.Debug|Any CPU.ActiveCfg = Debug|Any CPU
		{425D611F-4774-4783-B092-6780964CBC9B}.Debug|Any CPU.Build.0 = Debug|Any CPU
		{425D611F-4774-4783-B092-6780964CBC9B}.Release|Any CPU.ActiveCfg = Release|Any CPU
		{425D611F-4774-4783-B092-6780964CBC9B}.Release|Any CPU.Build.0 = Release|Any CPU
		{39DA12E3-649B-498F-BA7B-1F239D3E09B0}.Debug|Any CPU.ActiveCfg = Debug|Any CPU
		{39DA12E3-649B-498F-BA7B-1F239D3E09B0}.Debug|Any CPU.Build.0 = Debug|Any CPU
		{39DA12E3-649B-498F-BA7B-1F239D3E09B0}.Release|Any CPU.ActiveCfg = Release|Any CPU
		{39DA12E3-649B-498F-BA7B-1F239D3E09B0}.Release|Any CPU.Build.0 = Release|Any CPU
		{61ABAF3C-12FE-46AE-B0DC-DDD113122A70}.Debug|Any CPU.ActiveCfg = Debug|Any CPU
		{61ABAF3C-12FE-46AE-B0DC-DDD113122A70}.Debug|Any CPU.Build.0 = Debug|Any CPU
		{61ABAF3C-12FE-46AE-B0DC-DDD113122A70}.Release|Any CPU.ActiveCfg = Release|Any CPU
		{61ABAF3C-12FE-46AE-B0DC-DDD113122A70}.Release|Any CPU.Build.0 = Release|Any CPU
	EndGlobalSection
	GlobalSection(SolutionProperties) = preSolution
		HideSolutionNode = FALSE
	EndGlobalSection
	GlobalSection(ExtensibilityGlobals) = postSolution
		SolutionGuid = {98497D05-9F38-410C-AF53-A79DFB532D2B}
	EndGlobalSection
EndGlobal
